PODS:
  - LookinServer (1.0.0)
  - Masonry (1.1.0)
  - TMUIKit (0.5.0):
    - Masonry (~> 1.1.0)
    - TMUIKit/TMUIComponents (= 0.5.0)
    - TMUIKit/TMUICore (= 0.5.0)
    - TMUIKit/TMUIDefines (= 0.5.0)
    - TMUIKit/TMUIExtensions (= 0.5.0)
    - TMUIKit/TMUIWidgets (= 0.5.0)
  - TMUIKit/TMUIComponents (0.5.0):
    - Masonry (~> 1.1.0)
    - TMUIKit/TMUIComponents/TMActionSheet (= 0.5.0)
    - TMUIKit/TMUIComponents/TMContentAlert (= 0.5.0)
    - TMUIKit/TMUIComponents/TMContentPicker (= 0.5.0)
    - TMUIKit/TMUIComponents/TMEmptyView (= 0.5.0)
    - TMUIKit/TMUIComponents/TMPopoverView (= 0.5.0)
    - TMUIKit/TMUIComponents/TMSearchController (= 0.5.0)
    - TMUIKit/TMUIComponents/TMToast (= 0.5.0)
    - TMUIKit/TMUICore
    - TMUIKit/TMUIDefines
  - TMUIKit/TMUIComponents/TMActionSheet (0.5.0):
    - Masonry (~> 1.1.0)
    - TMUIKit/TMUICore
    - TMUIKit/TMUIDefines
  - TMUIKit/TMUIComponents/TMContentAlert (0.5.0):
    - Masonry (~> 1.1.0)
    - TMUIKit/TMUICore
    - TMUIKit/TMUIDefines
  - TMUIKit/TMUIComponents/TMContentPicker (0.5.0):
    - Masonry (~> 1.1.0)
    - TMUIKit/TMUIComponents/TMContentPicker/TMCityPicker (= 0.5.0)
    - TMUIKit/TMUIComponents/TMContentPicker/TMDatePicker (= 0.5.0)
    - TMUIKit/TMUIComponents/TMContentPicker/TMMultiDataPicker (= 0.5.0)
    - TMUIKit/TMUIComponents/TMContentPicker/TMNormalPicker (= 0.5.0)
    - TMUIKit/TMUICore
    - TMUIKit/TMUIDefines
  - TMUIKit/TMUIComponents/TMContentPicker/TMCityPicker (0.5.0):
    - Masonry (~> 1.1.0)
    - TMUIKit/TMUICore
    - TMUIKit/TMUIDefines
  - TMUIKit/TMUIComponents/TMContentPicker/TMDatePicker (0.5.0):
    - Masonry (~> 1.1.0)
    - TMUIKit/TMUICore
    - TMUIKit/TMUIDefines
  - TMUIKit/TMUIComponents/TMContentPicker/TMMultiDataPicker (0.5.0):
    - Masonry (~> 1.1.0)
    - TMUIKit/TMUICore
    - TMUIKit/TMUIDefines
  - TMUIKit/TMUIComponents/TMContentPicker/TMNormalPicker (0.5.0):
    - Masonry (~> 1.1.0)
    - TMUIKit/TMUICore
    - TMUIKit/TMUIDefines
  - TMUIKit/TMUIComponents/TMEmptyView (0.5.0):
    - Masonry (~> 1.1.0)
    - TMUIKit/TMUIComponents/TMEmptyView/Content (= 0.5.0)
    - TMUIKit/TMUICore
    - TMUIKit/TMUIDefines
  - TMUIKit/TMUIComponents/TMEmptyView/Content (0.5.0):
    - Masonry (~> 1.1.0)
    - TMUIKit/TMUICore
    - TMUIKit/TMUIDefines
  - TMUIKit/TMUIComponents/TMPopoverView (0.5.0):
    - Masonry (~> 1.1.0)
    - TMUIKit/TMUICore
    - TMUIKit/TMUIDefines
  - TMUIKit/TMUIComponents/TMSearchController (0.5.0):
    - Masonry (~> 1.1.0)
    - TMUIKit/TMUIComponents/TMSearchController/Extensions (= 0.5.0)
    - TMUIKit/TMUIComponents/TMSearchController/Private (= 0.5.0)
    - TMUIKit/TMUICore
    - TMUIKit/TMUIDefines
  - TMUIKit/TMUIComponents/TMSearchController/Extensions (0.5.0):
    - Masonry (~> 1.1.0)
    - TMUIKit/TMUICore
    - TMUIKit/TMUIDefines
  - TMUIKit/TMUIComponents/TMSearchController/Private (0.5.0):
    - Masonry (~> 1.1.0)
    - TMUIKit/TMUICore
    - TMUIKit/TMUIDefines
  - TMUIKit/TMUIComponents/TMToast (0.5.0):
    - Masonry (~> 1.1.0)
    - TMUIKit/TMUICore
    - TMUIKit/TMUIDefines
  - TMUIKit/TMUICore (0.5.0):
    - Masonry (~> 1.1.0)
  - TMUIKit/TMUIDefines (0.5.0):
    - Masonry (~> 1.1.0)
    - TMUIKit/TMUICore
  - TMUIKit/TMUIExtensions (0.5.0):
    - Masonry (~> 1.1.0)
    - TMUIKit/TMUICore
    - TMUIKit/TMUIDefines
  - TMUIKit/TMUIWidgets (0.5.0):
    - Masonry (~> 1.1.0)
    - TMUIKit/TMUICore
    - TMUIKit/TMUIDefines
    - TMUIKit/TMUIExtensions
    - TMUIKit/TMUIWidgets/TMButton (= 0.5.0)
  - TMUIKit/TMUIWidgets/TMButton (0.5.0):
    - Masonry (~> 1.1.0)
    - TMUIKit/TMUICore
    - TMUIKit/TMUIDefines
    - TMUIKit/TMUIExtensions

DEPENDENCIES:
  - LookinServer
  - TMUIKit (from `../`)

SPEC REPOS:
  trunk:
    - LookinServer
    - Masonry

EXTERNAL SOURCES:
  TMUIKit:
    :path: "../"

SPEC CHECKSUMS:
  LookinServer: 0002891cd3cec5e082a910e897dfe71b4f06b89e
  Masonry: 678fab65091a9290e40e2832a55e7ab731aad201
  TMUIKit: a0b446e2545b3a6b48f3299b57d9c73c5c9bdc30

PODFILE CHECKSUM: 421e549943c90757e3ee3db7e673f7d3321a4baf

COCOAPODS: 1.10.0
