PODS:
  - LookinServer (1.0.0)
  - Masonry (1.1.0)
  - TMUIKit (0.1.0):
    - LookinServer
    - Masonry

DEPENDENCIES:
  - TMUIKit (from `../`)

SPEC REPOS:
  trunk:
    - LookinServer
    - Masonry

EXTERNAL SOURCES:
  TMUIKit:
    :path: "../"

SPEC CHECKSUMS:
  LookinServer: 0002891cd3cec5e082a910e897dfe71b4f06b89e
  Masonry: 678fab65091a9290e40e2832a55e7ab731aad201
  TMUIKit: 8cf070c4fc144e31e577529af2b43d6672572d9c

PODFILE CHECKSUM: 8812f27cdd9118502ba85b73ad67439823786d63

COCOAPODS: 1.10.0
