// !$*UTF8*$!
{
	archiveVersion = 1;
	classes = {
	};
	objectVersion = 50;
	objects = {

/* Begin PBXBuildFile section */
		4A3AE36CF457F3E0D1F09899 /* libPods-TMUIKitDemo.a in Frameworks */ = {isa = PBXBuildFile; fileRef = C7730AE0891D67086950AD6C /* libPods-TMUIKitDemo.a */; };
		A6C3102E2445C1C600BF81B7 /* TMUIKit.podspec in Resources */ = {isa = PBXBuildFile; fileRef = A6C3102D2445C1C600BF81B7 /* TMUIKit.podspec */; };
		A6C310602446999A00BF81B7 /* ExtensionDemoTableVC.m in Sources */ = {isa = PBXBuildFile; fileRef = A6C3105F2446999A00BF81B7 /* ExtensionDemoTableVC.m */; };
		A6C31063244699AF00BF81B7 /* ComponentDemoTableVC.m in Sources */ = {isa = PBXBuildFile; fileRef = A6C31062244699AF00BF81B7 /* ComponentDemoTableVC.m */; };
		A6C31066244699C000BF81B7 /* CoreDemoTableVC.m in Sources */ = {isa = PBXBuildFile; fileRef = A6C31065244699C000BF81B7 /* CoreDemoTableVC.m */; };
		A6C3106A24469AE500BF81B7 /* TabBarController.m in Sources */ = {isa = PBXBuildFile; fileRef = A6C3106924469AE500BF81B7 /* TabBarController.m */; };
		A6C3106D24469AFC00BF81B7 /* NavigationController.m in Sources */ = {isa = PBXBuildFile; fileRef = A6C3106C24469AFC00BF81B7 /* NavigationController.m */; };
		A6C310802446F77700BF81B7 /* TestForTMContentAlert.m in Sources */ = {isa = PBXBuildFile; fileRef = A6C3107F2446F77700BF81B7 /* TestForTMContentAlert.m */; };
		A6C3FEF02445A71E00BF81B7 /* AppDelegate.m in Sources */ = {isa = PBXBuildFile; fileRef = A6C3FEEF2445A71E00BF81B7 /* AppDelegate.m */; };
		A6C3FEF92445A71E00BF81B7 /* Main.storyboard in Resources */ = {isa = PBXBuildFile; fileRef = A6C3FEF72445A71E00BF81B7 /* Main.storyboard */; };
		A6C3FEFB2445A71F00BF81B7 /* Assets.xcassets in Resources */ = {isa = PBXBuildFile; fileRef = A6C3FEFA2445A71F00BF81B7 /* Assets.xcassets */; };
		A6C3FEFE2445A71F00BF81B7 /* LaunchScreen.storyboard in Resources */ = {isa = PBXBuildFile; fileRef = A6C3FEFC2445A71F00BF81B7 /* LaunchScreen.storyboard */; };
		A6C3FF012445A71F00BF81B7 /* main.m in Sources */ = {isa = PBXBuildFile; fileRef = A6C3FF002445A71F00BF81B7 /* main.m */; };
/* End PBXBuildFile section */

/* Begin PBXFileReference section */
		085960C87BE2D89364D92617 /* Pods-TMUIKitDemo.release.xcconfig */ = {isa = PBXFileReference; includeInIndex = 1; lastKnownFileType = text.xcconfig; name = "Pods-TMUIKitDemo.release.xcconfig"; path = "Pods/Target Support Files/Pods-TMUIKitDemo/Pods-TMUIKitDemo.release.xcconfig"; sourceTree = "<group>"; };
		A6C3102D2445C1C600BF81B7 /* TMUIKit.podspec */ = {isa = PBXFileReference; fileEncoding = 4; lastKnownFileType = text; name = TMUIKit.podspec; path = ../../TMUIKit.podspec; sourceTree = "<group>"; xcLanguageSpecificationIdentifier = xcode.lang.ruby; };
		A6C3105E2446999A00BF81B7 /* ExtensionDemoTableVC.h */ = {isa = PBXFileReference; lastKnownFileType = sourcecode.c.h; path = ExtensionDemoTableVC.h; sourceTree = "<group>"; };
		A6C3105F2446999A00BF81B7 /* ExtensionDemoTableVC.m */ = {isa = PBXFileReference; lastKnownFileType = sourcecode.c.objc; path = ExtensionDemoTableVC.m; sourceTree = "<group>"; };
		A6C31061244699AF00BF81B7 /* ComponentDemoTableVC.h */ = {isa = PBXFileReference; lastKnownFileType = sourcecode.c.h; path = ComponentDemoTableVC.h; sourceTree = "<group>"; };
		A6C31062244699AF00BF81B7 /* ComponentDemoTableVC.m */ = {isa = PBXFileReference; lastKnownFileType = sourcecode.c.objc; path = ComponentDemoTableVC.m; sourceTree = "<group>"; };
		A6C31064244699C000BF81B7 /* CoreDemoTableVC.h */ = {isa = PBXFileReference; lastKnownFileType = sourcecode.c.h; path = CoreDemoTableVC.h; sourceTree = "<group>"; };
		A6C31065244699C000BF81B7 /* CoreDemoTableVC.m */ = {isa = PBXFileReference; lastKnownFileType = sourcecode.c.objc; path = CoreDemoTableVC.m; sourceTree = "<group>"; };
		A6C3106724469A5D00BF81B7 /* TMUIKitDemo-Prefix.pch */ = {isa = PBXFileReference; lastKnownFileType = sourcecode.c.h; path = "TMUIKitDemo-Prefix.pch"; sourceTree = "<group>"; };
		A6C3106824469AE500BF81B7 /* TabBarController.h */ = {isa = PBXFileReference; lastKnownFileType = sourcecode.c.h; path = TabBarController.h; sourceTree = "<group>"; };
		A6C3106924469AE500BF81B7 /* TabBarController.m */ = {isa = PBXFileReference; lastKnownFileType = sourcecode.c.objc; path = TabBarController.m; sourceTree = "<group>"; };
		A6C3106B24469AFC00BF81B7 /* NavigationController.h */ = {isa = PBXFileReference; lastKnownFileType = sourcecode.c.h; path = NavigationController.h; sourceTree = "<group>"; };
		A6C3106C24469AFC00BF81B7 /* NavigationController.m */ = {isa = PBXFileReference; lastKnownFileType = sourcecode.c.objc; path = NavigationController.m; sourceTree = "<group>"; };
		A6C3107E2446F77700BF81B7 /* TestForTMContentAlert.h */ = {isa = PBXFileReference; lastKnownFileType = sourcecode.c.h; path = TestForTMContentAlert.h; sourceTree = "<group>"; };
		A6C3107F2446F77700BF81B7 /* TestForTMContentAlert.m */ = {isa = PBXFileReference; lastKnownFileType = sourcecode.c.objc; path = TestForTMContentAlert.m; sourceTree = "<group>"; };
		A6C3FEEB2445A71E00BF81B7 /* TMUIKitDemo.app */ = {isa = PBXFileReference; explicitFileType = wrapper.application; includeInIndex = 0; path = TMUIKitDemo.app; sourceTree = BUILT_PRODUCTS_DIR; };
		A6C3FEEE2445A71E00BF81B7 /* AppDelegate.h */ = {isa = PBXFileReference; lastKnownFileType = sourcecode.c.h; path = AppDelegate.h; sourceTree = "<group>"; };
		A6C3FEEF2445A71E00BF81B7 /* AppDelegate.m */ = {isa = PBXFileReference; lastKnownFileType = sourcecode.c.objc; path = AppDelegate.m; sourceTree = "<group>"; };
		A6C3FEF82445A71E00BF81B7 /* Base */ = {isa = PBXFileReference; lastKnownFileType = file.storyboard; name = Base; path = Base.lproj/Main.storyboard; sourceTree = "<group>"; };
		A6C3FEFA2445A71F00BF81B7 /* Assets.xcassets */ = {isa = PBXFileReference; lastKnownFileType = folder.assetcatalog; path = Assets.xcassets; sourceTree = "<group>"; };
		A6C3FEFD2445A71F00BF81B7 /* Base */ = {isa = PBXFileReference; lastKnownFileType = file.storyboard; name = Base; path = Base.lproj/LaunchScreen.storyboard; sourceTree = "<group>"; };
		A6C3FEFF2445A71F00BF81B7 /* Info.plist */ = {isa = PBXFileReference; lastKnownFileType = text.plist.xml; path = Info.plist; sourceTree = "<group>"; };
		A6C3FF002445A71F00BF81B7 /* main.m */ = {isa = PBXFileReference; lastKnownFileType = sourcecode.c.objc; path = main.m; sourceTree = "<group>"; };
		C7730AE0891D67086950AD6C /* libPods-TMUIKitDemo.a */ = {isa = PBXFileReference; explicitFileType = archive.ar; includeInIndex = 0; path = "libPods-TMUIKitDemo.a"; sourceTree = BUILT_PRODUCTS_DIR; };
		F1E544F856F038BC477184B7 /* Pods-TMUIKitDemo.debug.xcconfig */ = {isa = PBXFileReference; includeInIndex = 1; lastKnownFileType = text.xcconfig; name = "Pods-TMUIKitDemo.debug.xcconfig"; path = "Pods/Target Support Files/Pods-TMUIKitDemo/Pods-TMUIKitDemo.debug.xcconfig"; sourceTree = "<group>"; };
/* End PBXFileReference section */

/* Begin PBXFrameworksBuildPhase section */
		A6C3FEE82445A71E00BF81B7 /* Frameworks */ = {
			isa = PBXFrameworksBuildPhase;
			buildActionMask = 2147483647;
			files = (
				4A3AE36CF457F3E0D1F09899 /* libPods-TMUIKitDemo.a in Frameworks */,
			);
			runOnlyForDeploymentPostprocessing = 0;
		};
/* End PBXFrameworksBuildPhase section */

/* Begin PBXGroup section */
		69B796976B7C073B82561698 /* Frameworks */ = {
			isa = PBXGroup;
			children = (
				C7730AE0891D67086950AD6C /* libPods-TMUIKitDemo.a */,
			);
			name = Frameworks;
			sourceTree = "<group>";
		};
		A6C3105A244698DA00BF81B7 /* OtherExamples */ = {
			isa = PBXGroup;
			children = (
				A6C3105B244698EB00BF81B7 /* CoreDemos */,
				A6C3105C244698F900BF81B7 /* ComponentDemos */,
				A6C3105D2446990800BF81B7 /* ExtensionDemos */,
			);
			path = OtherExamples;
			sourceTree = "<group>";
		};
		A6C3105B244698EB00BF81B7 /* CoreDemos */ = {
			isa = PBXGroup;
			children = (
				A6C31064244699C000BF81B7 /* CoreDemoTableVC.h */,
				A6C31065244699C000BF81B7 /* CoreDemoTableVC.m */,
			);
			path = CoreDemos;
			sourceTree = "<group>";
		};
		A6C3105C244698F900BF81B7 /* ComponentDemos */ = {
			isa = PBXGroup;
			children = (
				A6C31061244699AF00BF81B7 /* ComponentDemoTableVC.h */,
				A6C31062244699AF00BF81B7 /* ComponentDemoTableVC.m */,
				A6C3107D2446F64A00BF81B7 /* TestForTMContentAlert */,
			);
			path = ComponentDemos;
			sourceTree = "<group>";
		};
		A6C3105D2446990800BF81B7 /* ExtensionDemos */ = {
			isa = PBXGroup;
			children = (
				A6C3105E2446999A00BF81B7 /* ExtensionDemoTableVC.h */,
				A6C3105F2446999A00BF81B7 /* ExtensionDemoTableVC.m */,
			);
			path = ExtensionDemos;
			sourceTree = "<group>";
		};
		A6C3107D2446F64A00BF81B7 /* TestForTMContentAlert */ = {
			isa = PBXGroup;
			children = (
				A6C3107E2446F77700BF81B7 /* TestForTMContentAlert.h */,
				A6C3107F2446F77700BF81B7 /* TestForTMContentAlert.m */,
			);
			path = TestForTMContentAlert;
			sourceTree = "<group>";
		};
		A6C3FEE22445A71E00BF81B7 = {
			isa = PBXGroup;
			children = (
				A6C3102D2445C1C600BF81B7 /* TMUIKit.podspec */,
				A6C3FEED2445A71E00BF81B7 /* TMUIKitDemo */,
				A6C3FEEC2445A71E00BF81B7 /* Products */,
				CB2C025E563B3B3272C1798A /* Pods */,
				69B796976B7C073B82561698 /* Frameworks */,
			);
			sourceTree = "<group>";
		};
		A6C3FEEC2445A71E00BF81B7 /* Products */ = {
			isa = PBXGroup;
			children = (
				A6C3FEEB2445A71E00BF81B7 /* TMUIKitDemo.app */,
			);
			name = Products;
			sourceTree = "<group>";
		};
		A6C3FEED2445A71E00BF81B7 /* TMUIKitDemo */ = {
			isa = PBXGroup;
			children = (
				A6C3FEEE2445A71E00BF81B7 /* AppDelegate.h */,
				A6C3FEEF2445A71E00BF81B7 /* AppDelegate.m */,
				A6C3106824469AE500BF81B7 /* TabBarController.h */,
				A6C3106924469AE500BF81B7 /* TabBarController.m */,
				A6C3106B24469AFC00BF81B7 /* NavigationController.h */,
				A6C3106C24469AFC00BF81B7 /* NavigationController.m */,
				A6C3105A244698DA00BF81B7 /* OtherExamples */,
				A6C3FEF72445A71E00BF81B7 /* Main.storyboard */,
				A6C3FEFA2445A71F00BF81B7 /* Assets.xcassets */,
				A6C3FEFC2445A71F00BF81B7 /* LaunchScreen.storyboard */,
				A6C3FEFF2445A71F00BF81B7 /* Info.plist */,
				A6C3FF002445A71F00BF81B7 /* main.m */,
				A6C3106724469A5D00BF81B7 /* TMUIKitDemo-Prefix.pch */,
			);
			path = TMUIKitDemo;
			sourceTree = "<group>";
		};
		CB2C025E563B3B3272C1798A /* Pods */ = {
			isa = PBXGroup;
			children = (
				F1E544F856F038BC477184B7 /* Pods-TMUIKitDemo.debug.xcconfig */,
				085960C87BE2D89364D92617 /* Pods-TMUIKitDemo.release.xcconfig */,
			);
			name = Pods;
			sourceTree = "<group>";
		};
/* End PBXGroup section */

/* Begin PBXNativeTarget section */
		A6C3FEEA2445A71E00BF81B7 /* TMUIKitDemo */ = {
			isa = PBXNativeTarget;
			buildConfigurationList = A6C3FF042445A71F00BF81B7 /* Build configuration list for PBXNativeTarget "TMUIKitDemo" */;
			buildPhases = (
				67032EEF5AC9D2E8A40AC34C /* [CP] Check Pods Manifest.lock */,
				A6C3FEE72445A71E00BF81B7 /* Sources */,
				A6C3FEE82445A71E00BF81B7 /* Frameworks */,
				A6C3FEE92445A71E00BF81B7 /* Resources */,
				CEF5C3AFC2843B2D810E8321 /* [CP] Copy Pods Resources */,
			);
			buildRules = (
			);
			dependencies = (
			);
			name = TMUIKitDemo;
			productName = TMUIKitDemo;
			productReference = A6C3FEEB2445A71E00BF81B7 /* TMUIKitDemo.app */;
			productType = "com.apple.product-type.application";
		};
/* End PBXNativeTarget section */

/* Begin PBXProject section */
		A6C3FEE32445A71E00BF81B7 /* Project object */ = {
			isa = PBXProject;
			attributes = {
				LastUpgradeCheck = 1120;
				ORGANIZATIONNAME = t8t;
				TargetAttributes = {
					A6C3FEEA2445A71E00BF81B7 = {
						CreatedOnToolsVersion = 11.2.1;
					};
				};
			};
			buildConfigurationList = A6C3FEE62445A71E00BF81B7 /* Build configuration list for PBXProject "TMUIKitDemo" */;
			compatibilityVersion = "Xcode 9.3";
			developmentRegion = en;
			hasScannedForEncodings = 0;
			knownRegions = (
				en,
				Base,
			);
			mainGroup = A6C3FEE22445A71E00BF81B7;
			productRefGroup = A6C3FEEC2445A71E00BF81B7 /* Products */;
			projectDirPath = "";
			projectRoot = "";
			targets = (
				A6C3FEEA2445A71E00BF81B7 /* TMUIKitDemo */,
			);
		};
/* End PBXProject section */

/* Begin PBXResourcesBuildPhase section */
		A6C3FEE92445A71E00BF81B7 /* Resources */ = {
			isa = PBXResourcesBuildPhase;
			buildActionMask = 2147483647;
			files = (
				A6C3FEFE2445A71F00BF81B7 /* LaunchScreen.storyboard in Resources */,
				A6C3FEFB2445A71F00BF81B7 /* Assets.xcassets in Resources */,
				A6C3102E2445C1C600BF81B7 /* TMUIKit.podspec in Resources */,
				A6C3FEF92445A71E00BF81B7 /* Main.storyboard in Resources */,
			);
			runOnlyForDeploymentPostprocessing = 0;
		};
/* End PBXResourcesBuildPhase section */

/* Begin PBXShellScriptBuildPhase section */
		67032EEF5AC9D2E8A40AC34C /* [CP] Check Pods Manifest.lock */ = {
			isa = PBXShellScriptBuildPhase;
			buildActionMask = 2147483647;
			files = (
			);
			inputPaths = (
				"${PODS_PODFILE_DIR_PATH}/Podfile.lock",
				"${PODS_ROOT}/Manifest.lock",
			);
			name = "[CP] Check Pods Manifest.lock";
			outputPaths = (
				"$(DERIVED_FILE_DIR)/Pods-TMUIKitDemo-checkManifestLockResult.txt",
			);
			runOnlyForDeploymentPostprocessing = 0;
			shellPath = /bin/sh;
			shellScript = "diff \"${PODS_PODFILE_DIR_PATH}/Podfile.lock\" \"${PODS_ROOT}/Manifest.lock\" > /dev/null\nif [ $? != 0 ] ; then\n    # print error to STDERR\n    echo \"error: The sandbox is not in sync with the Podfile.lock. Run 'pod install' or update your CocoaPods installation.\" >&2\n    exit 1\nfi\n# This output is used by Xcode 'outputs' to avoid re-running this script phase.\necho \"SUCCESS\" > \"${SCRIPT_OUTPUT_FILE_0}\"\n";
			showEnvVarsInLog = 0;
		};
		CEF5C3AFC2843B2D810E8321 /* [CP] Copy Pods Resources */ = {
			isa = PBXShellScriptBuildPhase;
			buildActionMask = 2147483647;
			files = (
			);
			inputFileListPaths = (
				"${PODS_ROOT}/Target Support Files/Pods-TMUIKitDemo/Pods-TMUIKitDemo-resources-${CONFIGURATION}-input-files.xcfilelist",
			);
			name = "[CP] Copy Pods Resources";
			outputFileListPaths = (
				"${PODS_ROOT}/Target Support Files/Pods-TMUIKitDemo/Pods-TMUIKitDemo-resources-${CONFIGURATION}-output-files.xcfilelist",
			);
			runOnlyForDeploymentPostprocessing = 0;
			shellPath = /bin/sh;
			shellScript = "\"${PODS_ROOT}/Target Support Files/Pods-TMUIKitDemo/Pods-TMUIKitDemo-resources.sh\"\n";
			showEnvVarsInLog = 0;
		};
/* End PBXShellScriptBuildPhase section */

/* Begin PBXSourcesBuildPhase section */
		A6C3FEE72445A71E00BF81B7 /* Sources */ = {
			isa = PBXSourcesBuildPhase;
			buildActionMask = 2147483647;
			files = (
				A6C3106A24469AE500BF81B7 /* TabBarController.m in Sources */,
				A6C310602446999A00BF81B7 /* ExtensionDemoTableVC.m in Sources */,
				A6C3FEF02445A71E00BF81B7 /* AppDelegate.m in Sources */,
				A6C3FF012445A71F00BF81B7 /* main.m in Sources */,
				A6C3106D24469AFC00BF81B7 /* NavigationController.m in Sources */,
				A6C310802446F77700BF81B7 /* TestForTMContentAlert.m in Sources */,
				A6C31063244699AF00BF81B7 /* ComponentDemoTableVC.m in Sources */,
				A6C31066244699C000BF81B7 /* CoreDemoTableVC.m in Sources */,
			);
			runOnlyForDeploymentPostprocessing = 0;
		};
/* End PBXSourcesBuildPhase section */

/* Begin PBXVariantGroup section */
		A6C3FEF72445A71E00BF81B7 /* Main.storyboard */ = {
			isa = PBXVariantGroup;
			children = (
				A6C3FEF82445A71E00BF81B7 /* Base */,
			);
			name = Main.storyboard;
			sourceTree = "<group>";
		};
		A6C3FEFC2445A71F00BF81B7 /* LaunchScreen.storyboard */ = {
			isa = PBXVariantGroup;
			children = (
				A6C3FEFD2445A71F00BF81B7 /* Base */,
			);
			name = LaunchScreen.storyboard;
			sourceTree = "<group>";
		};
/* End PBXVariantGroup section */

/* Begin XCBuildConfiguration section */
		A6C3FF022445A71F00BF81B7 /* Debug */ = {
			isa = XCBuildConfiguration;
			buildSettings = {
				ALWAYS_SEARCH_USER_PATHS = NO;
				CLANG_ANALYZER_NONNULL = YES;
				CLANG_ANALYZER_NUMBER_OBJECT_CONVERSION = YES_AGGRESSIVE;
				CLANG_CXX_LANGUAGE_STANDARD = "gnu++14";
				CLANG_CXX_LIBRARY = "libc++";
				CLANG_ENABLE_MODULES = YES;
				CLANG_ENABLE_OBJC_ARC = YES;
				CLANG_ENABLE_OBJC_WEAK = YES;
				CLANG_WARN_BLOCK_CAPTURE_AUTORELEASING = YES;
				CLANG_WARN_BOOL_CONVERSION = YES;
				CLANG_WARN_COMMA = YES;
				CLANG_WARN_CONSTANT_CONVERSION = YES;
				CLANG_WARN_DEPRECATED_OBJC_IMPLEMENTATIONS = YES;
				CLANG_WARN_DIRECT_OBJC_ISA_USAGE = YES_ERROR;
				CLANG_WARN_DOCUMENTATION_COMMENTS = YES;
				CLANG_WARN_EMPTY_BODY = YES;
				CLANG_WARN_ENUM_CONVERSION = YES;
				CLANG_WARN_INFINITE_RECURSION = YES;
				CLANG_WARN_INT_CONVERSION = YES;
				CLANG_WARN_NON_LITERAL_NULL_CONVERSION = YES;
				CLANG_WARN_OBJC_IMPLICIT_RETAIN_SELF = YES;
				CLANG_WARN_OBJC_LITERAL_CONVERSION = YES;
				CLANG_WARN_OBJC_ROOT_CLASS = YES_ERROR;
				CLANG_WARN_RANGE_LOOP_ANALYSIS = YES;
				CLANG_WARN_STRICT_PROTOTYPES = YES;
				CLANG_WARN_SUSPICIOUS_MOVE = YES;
				CLANG_WARN_UNGUARDED_AVAILABILITY = YES_AGGRESSIVE;
				CLANG_WARN_UNREACHABLE_CODE = YES;
				CLANG_WARN__DUPLICATE_METHOD_MATCH = YES;
				COPY_PHASE_STRIP = NO;
				DEBUG_INFORMATION_FORMAT = dwarf;
				ENABLE_STRICT_OBJC_MSGSEND = YES;
				ENABLE_TESTABILITY = YES;
				GCC_C_LANGUAGE_STANDARD = gnu11;
				GCC_DYNAMIC_NO_PIC = NO;
				GCC_NO_COMMON_BLOCKS = YES;
				GCC_OPTIMIZATION_LEVEL = 0;
				GCC_PREPROCESSOR_DEFINITIONS = (
					"DEBUG=1",
					"$(inherited)",
				);
				GCC_WARN_64_TO_32_BIT_CONVERSION = YES;
				GCC_WARN_ABOUT_RETURN_TYPE = YES_ERROR;
				GCC_WARN_UNDECLARED_SELECTOR = YES;
				GCC_WARN_UNINITIALIZED_AUTOS = YES_AGGRESSIVE;
				GCC_WARN_UNUSED_FUNCTION = YES;
				GCC_WARN_UNUSED_VARIABLE = YES;
				IPHONEOS_DEPLOYMENT_TARGET = 13.2;
				MTL_ENABLE_DEBUG_INFO = INCLUDE_SOURCE;
				MTL_FAST_MATH = YES;
				ONLY_ACTIVE_ARCH = YES;
				SDKROOT = iphoneos;
			};
			name = Debug;
		};
		A6C3FF032445A71F00BF81B7 /* Release */ = {
			isa = XCBuildConfiguration;
			buildSettings = {
				ALWAYS_SEARCH_USER_PATHS = NO;
				CLANG_ANALYZER_NONNULL = YES;
				CLANG_ANALYZER_NUMBER_OBJECT_CONVERSION = YES_AGGRESSIVE;
				CLANG_CXX_LANGUAGE_STANDARD = "gnu++14";
				CLANG_CXX_LIBRARY = "libc++";
				CLANG_ENABLE_MODULES = YES;
				CLANG_ENABLE_OBJC_ARC = YES;
				CLANG_ENABLE_OBJC_WEAK = YES;
				CLANG_WARN_BLOCK_CAPTURE_AUTORELEASING = YES;
				CLANG_WARN_BOOL_CONVERSION = YES;
				CLANG_WARN_COMMA = YES;
				CLANG_WARN_CONSTANT_CONVERSION = YES;
				CLANG_WARN_DEPRECATED_OBJC_IMPLEMENTATIONS = YES;
				CLANG_WARN_DIRECT_OBJC_ISA_USAGE = YES_ERROR;
				CLANG_WARN_DOCUMENTATION_COMMENTS = YES;
				CLANG_WARN_EMPTY_BODY = YES;
				CLANG_WARN_ENUM_CONVERSION = YES;
				CLANG_WARN_INFINITE_RECURSION = YES;
				CLANG_WARN_INT_CONVERSION = YES;
				CLANG_WARN_NON_LITERAL_NULL_CONVERSION = YES;
				CLANG_WARN_OBJC_IMPLICIT_RETAIN_SELF = YES;
				CLANG_WARN_OBJC_LITERAL_CONVERSION = YES;
				CLANG_WARN_OBJC_ROOT_CLASS = YES_ERROR;
				CLANG_WARN_RANGE_LOOP_ANALYSIS = YES;
				CLANG_WARN_STRICT_PROTOTYPES = YES;
				CLANG_WARN_SUSPICIOUS_MOVE = YES;
				CLANG_WARN_UNGUARDED_AVAILABILITY = YES_AGGRESSIVE;
				CLANG_WARN_UNREACHABLE_CODE = YES;
				CLANG_WARN__DUPLICATE_METHOD_MATCH = YES;
				COPY_PHASE_STRIP = NO;
				DEBUG_INFORMATION_FORMAT = "dwarf-with-dsym";
				ENABLE_NS_ASSERTIONS = NO;
				ENABLE_STRICT_OBJC_MSGSEND = YES;
				GCC_C_LANGUAGE_STANDARD = gnu11;
				GCC_NO_COMMON_BLOCKS = YES;
				GCC_WARN_64_TO_32_BIT_CONVERSION = YES;
				GCC_WARN_ABOUT_RETURN_TYPE = YES_ERROR;
				GCC_WARN_UNDECLARED_SELECTOR = YES;
				GCC_WARN_UNINITIALIZED_AUTOS = YES_AGGRESSIVE;
				GCC_WARN_UNUSED_FUNCTION = YES;
				GCC_WARN_UNUSED_VARIABLE = YES;
				IPHONEOS_DEPLOYMENT_TARGET = 13.2;
				MTL_ENABLE_DEBUG_INFO = NO;
				MTL_FAST_MATH = YES;
				SDKROOT = iphoneos;
				VALIDATE_PRODUCT = YES;
			};
			name = Release;
		};
		A6C3FF052445A71F00BF81B7 /* Debug */ = {
			isa = XCBuildConfiguration;
			baseConfigurationReference = F1E544F856F038BC477184B7 /* Pods-TMUIKitDemo.debug.xcconfig */;
			buildSettings = {
				ASSETCATALOG_COMPILER_APPICON_NAME = AppIcon;
				CODE_SIGN_STYLE = Automatic;
				DEVELOPMENT_TEAM = TQ22J33PH2;
				GCC_PRECOMPILE_PREFIX_HEADER = YES;
				GCC_PREFIX_HEADER = "TMUIKitDemo/TMUIKitDemo-Prefix.pch";
				INFOPLIST_FILE = TMUIKitDemo/Info.plist;
				LD_RUNPATH_SEARCH_PATHS = (
					"$(inherited)",
					"@executable_path/Frameworks",
				);
				PRODUCT_BUNDLE_IDENTIFIER = npp.TMUIKitDemo;
				PRODUCT_NAME = "$(TARGET_NAME)";
				TARGETED_DEVICE_FAMILY = "1,2";
			};
			name = Debug;
		};
		A6C3FF062445A71F00BF81B7 /* Release */ = {
			isa = XCBuildConfiguration;
			baseConfigurationReference = 085960C87BE2D89364D92617 /* Pods-TMUIKitDemo.release.xcconfig */;
			buildSettings = {
				ASSETCATALOG_COMPILER_APPICON_NAME = AppIcon;
				CODE_SIGN_STYLE = Automatic;
				DEVELOPMENT_TEAM = TQ22J33PH2;
				GCC_PRECOMPILE_PREFIX_HEADER = YES;
				GCC_PREFIX_HEADER = "TMUIKitDemo/TMUIKitDemo-Prefix.pch";
				INFOPLIST_FILE = TMUIKitDemo/Info.plist;
				LD_RUNPATH_SEARCH_PATHS = (
					"$(inherited)",
					"@executable_path/Frameworks",
				);
				PRODUCT_BUNDLE_IDENTIFIER = npp.TMUIKitDemo;
				PRODUCT_NAME = "$(TARGET_NAME)";
				TARGETED_DEVICE_FAMILY = "1,2";
			};
			name = Release;
		};
/* End XCBuildConfiguration section */

/* Begin XCConfigurationList section */
		A6C3FEE62445A71E00BF81B7 /* Build configuration list for PBXProject "TMUIKitDemo" */ = {
			isa = XCConfigurationList;
			buildConfigurations = (
				A6C3FF022445A71F00BF81B7 /* Debug */,
				A6C3FF032445A71F00BF81B7 /* Release */,
			);
			defaultConfigurationIsVisible = 0;
			defaultConfigurationName = Release;
		};
		A6C3FF042445A71F00BF81B7 /* Build configuration list for PBXNativeTarget "TMUIKitDemo" */ = {
			isa = XCConfigurationList;
			buildConfigurations = (
				A6C3FF052445A71F00BF81B7 /* Debug */,
				A6C3FF062445A71F00BF81B7 /* Release */,
			);
			defaultConfigurationIsVisible = 0;
			defaultConfigurationName = Release;
		};
/* End XCConfigurationList section */
	};
	rootObject = A6C3FEE32445A71E00BF81B7 /* Project object */;
}
