PODS:
  - Masonry (1.1.0)
  - TMToast (1.1.0):
    - Masonry (= 1.1.0)
    - TMToast/Resources (= 1.1.0)
  - TMToast/Resources (1.1.0):
    - Masonry (= 1.1.0)

DEPENDENCIES:
  - TMToast (from `TMToast.podspec`)

SPEC REPOS:
  https://github.com/CocoaPods/Specs.git:
    - Masonry

EXTERNAL SOURCES:
  TMToast:
    :path: TMToast.podspec

SPEC CHECKSUMS:
  Masonry: 678fab65091a9290e40e2832a55e7ab731aad201
  TMToast: bdd560d03be5acd1a89bd151f630d27f4b972e70

PODFILE CHECKSUM: c0e65881e6b178e93af6ec757559aa5708f63d8c

COCOAPODS: 1.10.1
