// !$*UTF8*$!
{
	archiveVersion = 1;
	classes = {
	};
	objectVersion = 46;
	objects = {

/* Begin PBXBuildFile section */
		163444AA25BA70910091D4EF /* UIButtonTMUIViewController.m in Sources */ = {isa = PBXBuildFile; fileRef = 163444A925BA70910091D4EF /* UIButtonTMUIViewController.m */; };
		16455E0A25B6EDEC00BBBEC2 /* Main.storyboard in Resources */ = {isa = PBXBuildFile; fileRef = 16455E0825B6EDEC00BBBEC2 /* Main.storyboard */; };
		16455E3E25B6F3E400BBBEC2 /* TMUIKitViewController.m in Sources */ = {isa = PBXBuildFile; fileRef = 16455E3D25B6F3E400BBBEC2 /* TMUIKitViewController.m */; };
		16455E4325B6F3F300BBBEC2 /* TMComponentsViewController.m in Sources */ = {isa = PBXBuildFile; fileRef = 16455E4225B6F3F300BBBEC2 /* TMComponentsViewController.m */; };
		16455E4825B6F3FB00BBBEC2 /* TMLibViewController.m in Sources */ = {isa = PBXBuildFile; fileRef = 16455E4725B6F3FB00BBBEC2 /* TMLibViewController.m */; };
		16455E5C25B6FBC700BBBEC2 /* InjectionIIIHelper.m in Sources */ = {isa = PBXBuildFile; fileRef = 16455E5B25B6FBC700BBBEC2 /* InjectionIIIHelper.m */; };
		16945FD525B7C4DD0056AE74 /* TMButtonViewController.m in Sources */ = {isa = PBXBuildFile; fileRef = 16945FD425B7C4DD0056AE74 /* TMButtonViewController.m */; };
		1694602B25B7DC870056AE74 /* UIViewTMUIViewController.m in Sources */ = {isa = PBXBuildFile; fileRef = 1694602A25B7DC870056AE74 /* UIViewTMUIViewController.m */; };
		16EABFDB25BA7BCD00A3273D /* TMBaseViewController.m in Sources */ = {isa = PBXBuildFile; fileRef = 16EABFDA25BA7BCD00A3273D /* TMBaseViewController.m */; };
		16EABFE225BAAD7D00A3273D /* UISegmentedControl+associateObject.m in Sources */ = {isa = PBXBuildFile; fileRef = 16EABFE125BAAD7D00A3273D /* UISegmentedControl+associateObject.m */; };
		16EABFE725BAAE7C00A3273D /* UISlider+associateObject.m in Sources */ = {isa = PBXBuildFile; fileRef = 16EABFE625BAAE7C00A3273D /* UISlider+associateObject.m */; };
		23495E6D1C4E5EBA37EF54E7 /* SystemConfiguration.framework in Frameworks */ = {isa = PBXBuildFile; fileRef = 7C01E4ACDEFFA91DB088A365 /* SystemConfiguration.framework */; };
		40431A1D8B295DA1F3E59259 /* CoreTelephony.framework in Frameworks */ = {isa = PBXBuildFile; fileRef = 5E7107ADA452DFC055FCFAF3 /* CoreTelephony.framework */; };
		6003F58E195388D20070C39A /* Foundation.framework in Frameworks */ = {isa = PBXBuildFile; fileRef = 6003F58D195388D20070C39A /* Foundation.framework */; };
		6003F590195388D20070C39A /* CoreGraphics.framework in Frameworks */ = {isa = PBXBuildFile; fileRef = 6003F58F195388D20070C39A /* CoreGraphics.framework */; };
		6003F592195388D20070C39A /* UIKit.framework in Frameworks */ = {isa = PBXBuildFile; fileRef = 6003F591195388D20070C39A /* UIKit.framework */; };
		6003F598195388D20070C39A /* InfoPlist.strings in Resources */ = {isa = PBXBuildFile; fileRef = 6003F596195388D20070C39A /* InfoPlist.strings */; };
		6003F59A195388D20070C39A /* main.m in Sources */ = {isa = PBXBuildFile; fileRef = 6003F599195388D20070C39A /* main.m */; };
		6003F59E195388D20070C39A /* TMAppDelegate.m in Sources */ = {isa = PBXBuildFile; fileRef = 6003F59D195388D20070C39A /* TMAppDelegate.m */; };
		6003F5A9195388D20070C39A /* Images.xcassets in Resources */ = {isa = PBXBuildFile; fileRef = 6003F5A8195388D20070C39A /* Images.xcassets */; };
		6003F5B0195388D20070C39A /* XCTest.framework in Frameworks */ = {isa = PBXBuildFile; fileRef = 6003F5AF195388D20070C39A /* XCTest.framework */; };
		6003F5B1195388D20070C39A /* Foundation.framework in Frameworks */ = {isa = PBXBuildFile; fileRef = 6003F58D195388D20070C39A /* Foundation.framework */; };
		6003F5B2195388D20070C39A /* UIKit.framework in Frameworks */ = {isa = PBXBuildFile; fileRef = 6003F591195388D20070C39A /* UIKit.framework */; };
		6003F5BA195388D20070C39A /* InfoPlist.strings in Resources */ = {isa = PBXBuildFile; fileRef = 6003F5B8195388D20070C39A /* InfoPlist.strings */; };
		6003F5BC195388D20070C39A /* Tests.m in Sources */ = {isa = PBXBuildFile; fileRef = 6003F5BB195388D20070C39A /* Tests.m */; };
		71719F9F1E33DC2100824A3D /* LaunchScreen.storyboard in Resources */ = {isa = PBXBuildFile; fileRef = 71719F9D1E33DC2100824A3D /* LaunchScreen.storyboard */; };
		717CA87BAEFCE2E13B04D62A /* libPods-TMUIKit_Tests.a in Frameworks */ = {isa = PBXBuildFile; fileRef = 4212758C31B9C0BA79D5B039 /* libPods-TMUIKit_Tests.a */; };
		F47103CECB847BC0E6E67834 /* libPods-TMUIKit_Example.a in Frameworks */ = {isa = PBXBuildFile; fileRef = 4FF38B98433BA762055DDE1D /* libPods-TMUIKit_Example.a */; };
/* End PBXBuildFile section */

/* Begin PBXContainerItemProxy section */
		16EAC71225BADBD100A3273D /* PBXContainerItemProxy */ = {
			isa = PBXContainerItemProxy;
			containerPortal = 16EAC70E25BADBD100A3273D /* MTFY.xcodeproj */;
			proxyType = 2;
			remoteGlobalIDString = 16EAC38225BADAFA00A3273D;
			remoteInfo = MTFY;
		};
		16EAC72225BADBE500A3273D /* PBXContainerItemProxy */ = {
			isa = PBXContainerItemProxy;
			containerPortal = 16EAC71725BADBE500A3273D /* qmuidemo.xcodeproj */;
			proxyType = 2;
			remoteGlobalIDString = 165F42F01ADB60180057EF6A;
			remoteInfo = qmuidemo;
		};
		16EAC72425BADBE500A3273D /* PBXContainerItemProxy */ = {
			isa = PBXContainerItemProxy;
			containerPortal = 16EAC71725BADBE500A3273D /* qmuidemo.xcodeproj */;
			proxyType = 2;
			remoteGlobalIDString = CD4EA595228D87B000A55066;
			remoteInfo = QMUIDemoUITests;
		};
		16EAC72C25BADBF400A3273D /* PBXContainerItemProxy */ = {
			isa = PBXContainerItemProxy;
			containerPortal = 16EAC72825BADBF400A3273D /* YYCategories.xcodeproj */;
			proxyType = 2;
			remoteGlobalIDString = D9D5845F1F055E2200CBBB61;
			remoteInfo = YYCategories;
		};
		6003F5B3195388D20070C39A /* PBXContainerItemProxy */ = {
			isa = PBXContainerItemProxy;
			containerPortal = 6003F582195388D10070C39A /* Project object */;
			proxyType = 1;
			remoteGlobalIDString = 6003F589195388D20070C39A;
			remoteInfo = TMUIKit;
		};
/* End PBXContainerItemProxy section */

/* Begin PBXFileReference section */
		163444A825BA70910091D4EF /* UIButtonTMUIViewController.h */ = {isa = PBXFileReference; lastKnownFileType = sourcecode.c.h; path = UIButtonTMUIViewController.h; sourceTree = "<group>"; };
		163444A925BA70910091D4EF /* UIButtonTMUIViewController.m */ = {isa = PBXFileReference; lastKnownFileType = sourcecode.c.objc; path = UIButtonTMUIViewController.m; sourceTree = "<group>"; };
		16455E0925B6EDEC00BBBEC2 /* Base */ = {isa = PBXFileReference; lastKnownFileType = file.storyboard; name = Base; path = Base.lproj/Main.storyboard; sourceTree = "<group>"; };
		16455E3C25B6F3E400BBBEC2 /* TMUIKitViewController.h */ = {isa = PBXFileReference; lastKnownFileType = sourcecode.c.h; path = TMUIKitViewController.h; sourceTree = "<group>"; };
		16455E3D25B6F3E400BBBEC2 /* TMUIKitViewController.m */ = {isa = PBXFileReference; lastKnownFileType = sourcecode.c.objc; path = TMUIKitViewController.m; sourceTree = "<group>"; };
		16455E4125B6F3F300BBBEC2 /* TMComponentsViewController.h */ = {isa = PBXFileReference; lastKnownFileType = sourcecode.c.h; path = TMComponentsViewController.h; sourceTree = "<group>"; };
		16455E4225B6F3F300BBBEC2 /* TMComponentsViewController.m */ = {isa = PBXFileReference; lastKnownFileType = sourcecode.c.objc; path = TMComponentsViewController.m; sourceTree = "<group>"; };
		16455E4625B6F3FB00BBBEC2 /* TMLibViewController.h */ = {isa = PBXFileReference; lastKnownFileType = sourcecode.c.h; path = TMLibViewController.h; sourceTree = "<group>"; };
		16455E4725B6F3FB00BBBEC2 /* TMLibViewController.m */ = {isa = PBXFileReference; lastKnownFileType = sourcecode.c.objc; path = TMLibViewController.m; sourceTree = "<group>"; };
		16455E5A25B6FBC700BBBEC2 /* InjectionIIIHelper.h */ = {isa = PBXFileReference; fileEncoding = 4; lastKnownFileType = sourcecode.c.h; path = InjectionIIIHelper.h; sourceTree = "<group>"; };
		16455E5B25B6FBC700BBBEC2 /* InjectionIIIHelper.m */ = {isa = PBXFileReference; fileEncoding = 4; lastKnownFileType = sourcecode.c.objc; path = InjectionIIIHelper.m; sourceTree = "<group>"; };
		16945FD325B7C4DD0056AE74 /* TMButtonViewController.h */ = {isa = PBXFileReference; lastKnownFileType = sourcecode.c.h; path = TMButtonViewController.h; sourceTree = "<group>"; };
		16945FD425B7C4DD0056AE74 /* TMButtonViewController.m */ = {isa = PBXFileReference; lastKnownFileType = sourcecode.c.objc; path = TMButtonViewController.m; sourceTree = "<group>"; };
		1694602925B7DC870056AE74 /* UIViewTMUIViewController.h */ = {isa = PBXFileReference; lastKnownFileType = sourcecode.c.h; path = UIViewTMUIViewController.h; sourceTree = "<group>"; };
		1694602A25B7DC870056AE74 /* UIViewTMUIViewController.m */ = {isa = PBXFileReference; lastKnownFileType = sourcecode.c.objc; path = UIViewTMUIViewController.m; sourceTree = "<group>"; };
		16EABFD925BA7BCD00A3273D /* TMBaseViewController.h */ = {isa = PBXFileReference; lastKnownFileType = sourcecode.c.h; path = TMBaseViewController.h; sourceTree = "<group>"; };
		16EABFDA25BA7BCD00A3273D /* TMBaseViewController.m */ = {isa = PBXFileReference; lastKnownFileType = sourcecode.c.objc; path = TMBaseViewController.m; sourceTree = "<group>"; };
		16EABFE025BAAD7D00A3273D /* UISegmentedControl+associateObject.h */ = {isa = PBXFileReference; lastKnownFileType = sourcecode.c.h; path = "UISegmentedControl+associateObject.h"; sourceTree = "<group>"; };
		16EABFE125BAAD7D00A3273D /* UISegmentedControl+associateObject.m */ = {isa = PBXFileReference; lastKnownFileType = sourcecode.c.objc; path = "UISegmentedControl+associateObject.m"; sourceTree = "<group>"; };
		16EABFE525BAAE7C00A3273D /* UISlider+associateObject.h */ = {isa = PBXFileReference; lastKnownFileType = sourcecode.c.h; path = "UISlider+associateObject.h"; sourceTree = "<group>"; };
		16EABFE625BAAE7C00A3273D /* UISlider+associateObject.m */ = {isa = PBXFileReference; lastKnownFileType = sourcecode.c.objc; path = "UISlider+associateObject.m"; sourceTree = "<group>"; };
		16EAC70E25BADBD100A3273D /* MTFY.xcodeproj */ = {isa = PBXFileReference; lastKnownFileType = "wrapper.pb-project"; name = MTFY.xcodeproj; path = ../../TMUIKit_AssociateProject/MTFY/MTFY.xcodeproj; sourceTree = "<group>"; };
		16EAC71725BADBE500A3273D /* qmuidemo.xcodeproj */ = {isa = PBXFileReference; lastKnownFileType = "wrapper.pb-project"; name = qmuidemo.xcodeproj; path = "../../TMUIKit_AssociateProject/QMUIDemo_iOS-master/qmuidemo.xcodeproj"; sourceTree = "<group>"; };
		16EAC72825BADBF400A3273D /* YYCategories.xcodeproj */ = {isa = PBXFileReference; lastKnownFileType = "wrapper.pb-project"; name = YYCategories.xcodeproj; path = "../../TMUIKit_AssociateProject/YYCategories-master/Framework/YYCategories.xcodeproj"; sourceTree = "<group>"; };
		4212758C31B9C0BA79D5B039 /* libPods-TMUIKit_Tests.a */ = {isa = PBXFileReference; explicitFileType = archive.ar; includeInIndex = 0; path = "libPods-TMUIKit_Tests.a"; sourceTree = BUILT_PRODUCTS_DIR; };
		4FF38B98433BA762055DDE1D /* libPods-TMUIKit_Example.a */ = {isa = PBXFileReference; explicitFileType = archive.ar; includeInIndex = 0; path = "libPods-TMUIKit_Example.a"; sourceTree = BUILT_PRODUCTS_DIR; };
		5E7107ADA452DFC055FCFAF3 /* CoreTelephony.framework */ = {isa = PBXFileReference; lastKnownFileType = wrapper.framework; name = CoreTelephony.framework; path = Platforms/iPhoneOS.platform/Developer/SDKs/iPhoneOS14.0.sdk/System/Library/Frameworks/CoreTelephony.framework; sourceTree = DEVELOPER_DIR; };
		6003F58A195388D20070C39A /* TMUIKit_Example.app */ = {isa = PBXFileReference; explicitFileType = wrapper.application; includeInIndex = 0; path = TMUIKit_Example.app; sourceTree = BUILT_PRODUCTS_DIR; };
		6003F58D195388D20070C39A /* Foundation.framework */ = {isa = PBXFileReference; lastKnownFileType = wrapper.framework; name = Foundation.framework; path = System/Library/Frameworks/Foundation.framework; sourceTree = SDKROOT; };
		6003F58F195388D20070C39A /* CoreGraphics.framework */ = {isa = PBXFileReference; lastKnownFileType = wrapper.framework; name = CoreGraphics.framework; path = System/Library/Frameworks/CoreGraphics.framework; sourceTree = SDKROOT; };
		6003F591195388D20070C39A /* UIKit.framework */ = {isa = PBXFileReference; lastKnownFileType = wrapper.framework; name = UIKit.framework; path = System/Library/Frameworks/UIKit.framework; sourceTree = SDKROOT; };
		6003F595195388D20070C39A /* TMUIKit-Info.plist */ = {isa = PBXFileReference; lastKnownFileType = text.plist.xml; path = "TMUIKit-Info.plist"; sourceTree = "<group>"; };
		6003F597195388D20070C39A /* en */ = {isa = PBXFileReference; lastKnownFileType = text.plist.strings; name = en; path = en.lproj/InfoPlist.strings; sourceTree = "<group>"; };
		6003F599195388D20070C39A /* main.m */ = {isa = PBXFileReference; lastKnownFileType = sourcecode.c.objc; path = main.m; sourceTree = "<group>"; };
		6003F59B195388D20070C39A /* TMUIKit-Prefix.pch */ = {isa = PBXFileReference; lastKnownFileType = sourcecode.c.h; path = "TMUIKit-Prefix.pch"; sourceTree = "<group>"; };
		6003F59C195388D20070C39A /* TMAppDelegate.h */ = {isa = PBXFileReference; lastKnownFileType = sourcecode.c.h; path = TMAppDelegate.h; sourceTree = "<group>"; };
		6003F59D195388D20070C39A /* TMAppDelegate.m */ = {isa = PBXFileReference; lastKnownFileType = sourcecode.c.objc; path = TMAppDelegate.m; sourceTree = "<group>"; };
		6003F5A8195388D20070C39A /* Images.xcassets */ = {isa = PBXFileReference; lastKnownFileType = folder.assetcatalog; path = Images.xcassets; sourceTree = "<group>"; };
		6003F5AE195388D20070C39A /* TMUIKit_Tests.xctest */ = {isa = PBXFileReference; explicitFileType = wrapper.cfbundle; includeInIndex = 0; path = TMUIKit_Tests.xctest; sourceTree = BUILT_PRODUCTS_DIR; };
		6003F5AF195388D20070C39A /* XCTest.framework */ = {isa = PBXFileReference; lastKnownFileType = wrapper.framework; name = XCTest.framework; path = Library/Frameworks/XCTest.framework; sourceTree = DEVELOPER_DIR; };
		6003F5B7195388D20070C39A /* Tests-Info.plist */ = {isa = PBXFileReference; lastKnownFileType = text.plist.xml; path = "Tests-Info.plist"; sourceTree = "<group>"; };
		6003F5B9195388D20070C39A /* en */ = {isa = PBXFileReference; lastKnownFileType = text.plist.strings; name = en; path = en.lproj/InfoPlist.strings; sourceTree = "<group>"; };
		6003F5BB195388D20070C39A /* Tests.m */ = {isa = PBXFileReference; lastKnownFileType = sourcecode.c.objc; path = Tests.m; sourceTree = "<group>"; };
		606FC2411953D9B200FFA9A0 /* Tests-Prefix.pch */ = {isa = PBXFileReference; lastKnownFileType = sourcecode.c.h; path = "Tests-Prefix.pch"; sourceTree = "<group>"; };
		71719F9E1E33DC2100824A3D /* Base */ = {isa = PBXFileReference; lastKnownFileType = file.storyboard; name = Base; path = Base.lproj/LaunchScreen.storyboard; sourceTree = "<group>"; };
		7C01E4ACDEFFA91DB088A365 /* SystemConfiguration.framework */ = {isa = PBXFileReference; lastKnownFileType = wrapper.framework; name = SystemConfiguration.framework; path = Platforms/iPhoneOS.platform/Developer/SDKs/iPhoneOS14.0.sdk/System/Library/Frameworks/SystemConfiguration.framework; sourceTree = DEVELOPER_DIR; };
		AC673D62112E43A82F988789 /* Pods-TMUIKit_Tests.release.xcconfig */ = {isa = PBXFileReference; includeInIndex = 1; lastKnownFileType = text.xcconfig; name = "Pods-TMUIKit_Tests.release.xcconfig"; path = "Target Support Files/Pods-TMUIKit_Tests/Pods-TMUIKit_Tests.release.xcconfig"; sourceTree = "<group>"; };
		D0348311BFA52F2FA55C0FFA /* Pods-TMUIKit_Example.release.xcconfig */ = {isa = PBXFileReference; includeInIndex = 1; lastKnownFileType = text.xcconfig; name = "Pods-TMUIKit_Example.release.xcconfig"; path = "Target Support Files/Pods-TMUIKit_Example/Pods-TMUIKit_Example.release.xcconfig"; sourceTree = "<group>"; };
		D4F0BDB1986A6BA6E763B1D6 /* Pods-TMUIKit_Tests.debug.xcconfig */ = {isa = PBXFileReference; includeInIndex = 1; lastKnownFileType = text.xcconfig; name = "Pods-TMUIKit_Tests.debug.xcconfig"; path = "Target Support Files/Pods-TMUIKit_Tests/Pods-TMUIKit_Tests.debug.xcconfig"; sourceTree = "<group>"; };
		F3C0677E9362D3549CF5BF9B /* Pods-TMUIKit_Example.debug.xcconfig */ = {isa = PBXFileReference; includeInIndex = 1; lastKnownFileType = text.xcconfig; name = "Pods-TMUIKit_Example.debug.xcconfig"; path = "Target Support Files/Pods-TMUIKit_Example/Pods-TMUIKit_Example.debug.xcconfig"; sourceTree = "<group>"; };
/* End PBXFileReference section */

/* Begin PBXFrameworksBuildPhase section */
		6003F587195388D20070C39A /* Frameworks */ = {
			isa = PBXFrameworksBuildPhase;
			buildActionMask = 2147483647;
			files = (
				6003F590195388D20070C39A /* CoreGraphics.framework in Frameworks */,
				6003F592195388D20070C39A /* UIKit.framework in Frameworks */,
				6003F58E195388D20070C39A /* Foundation.framework in Frameworks */,
				F47103CECB847BC0E6E67834 /* libPods-TMUIKit_Example.a in Frameworks */,
				40431A1D8B295DA1F3E59259 /* CoreTelephony.framework in Frameworks */,
				23495E6D1C4E5EBA37EF54E7 /* SystemConfiguration.framework in Frameworks */,
			);
			runOnlyForDeploymentPostprocessing = 0;
		};
		6003F5AB195388D20070C39A /* Frameworks */ = {
			isa = PBXFrameworksBuildPhase;
			buildActionMask = 2147483647;
			files = (
				6003F5B0195388D20070C39A /* XCTest.framework in Frameworks */,
				6003F5B2195388D20070C39A /* UIKit.framework in Frameworks */,
				6003F5B1195388D20070C39A /* Foundation.framework in Frameworks */,
				717CA87BAEFCE2E13B04D62A /* libPods-TMUIKit_Tests.a in Frameworks */,
			);
			runOnlyForDeploymentPostprocessing = 0;
		};
/* End PBXFrameworksBuildPhase section */

/* Begin PBXGroup section */
		16455E3925B6F3C600BBBEC2 /* Components */ = {
			isa = PBXGroup;
			children = (
				16455E4125B6F3F300BBBEC2 /* TMComponentsViewController.h */,
				16455E4225B6F3F300BBBEC2 /* TMComponentsViewController.m */,
			);
			path = Components;
			sourceTree = "<group>";
		};
		16455E3A25B6F3C600BBBEC2 /* Lib */ = {
			isa = PBXGroup;
			children = (
				16455E4625B6F3FB00BBBEC2 /* TMLibViewController.h */,
				16455E4725B6F3FB00BBBEC2 /* TMLibViewController.m */,
				1694602825B7DC770056AE74 /* UIViewTMUIViewController */,
			);
			path = Lib;
			sourceTree = "<group>";
		};
		16455E3B25B6F3C600BBBEC2 /* UIKit */ = {
			isa = PBXGroup;
			children = (
				16455E3C25B6F3E400BBBEC2 /* TMUIKitViewController.h */,
				16455E3D25B6F3E400BBBEC2 /* TMUIKitViewController.m */,
				16945FD225B7C4D10056AE74 /* TMButtonViewController */,
			);
			path = UIKit;
			sourceTree = "<group>";
		};
		16455E4F25B6F51F00BBBEC2 /* Supporting Files */ = {
			isa = PBXGroup;
			children = (
				6003F59C195388D20070C39A /* TMAppDelegate.h */,
				6003F59D195388D20070C39A /* TMAppDelegate.m */,
				16455E0825B6EDEC00BBBEC2 /* Main.storyboard */,
				71719F9D1E33DC2100824A3D /* LaunchScreen.storyboard */,
				6003F5A8195388D20070C39A /* Images.xcassets */,
				6003F595195388D20070C39A /* TMUIKit-Info.plist */,
				6003F596195388D20070C39A /* InfoPlist.strings */,
				6003F599195388D20070C39A /* main.m */,
				6003F59B195388D20070C39A /* TMUIKit-Prefix.pch */,
			);
			name = "Supporting Files";
			path = "TMUIKit/Supporting Files";
			sourceTree = SOURCE_ROOT;
		};
		16455E5825B6FBC000BBBEC2 /* Other */ = {
			isa = PBXGroup;
			children = (
				16455E5925B6FBC700BBBEC2 /* InjectionIIIHelper */,
			);
			path = Other;
			sourceTree = "<group>";
		};
		16455E5925B6FBC700BBBEC2 /* InjectionIIIHelper */ = {
			isa = PBXGroup;
			children = (
				16455E5A25B6FBC700BBBEC2 /* InjectionIIIHelper.h */,
				16455E5B25B6FBC700BBBEC2 /* InjectionIIIHelper.m */,
			);
			path = InjectionIIIHelper;
			sourceTree = "<group>";
		};
		16945FD225B7C4D10056AE74 /* TMButtonViewController */ = {
			isa = PBXGroup;
			children = (
				16945FD325B7C4DD0056AE74 /* TMButtonViewController.h */,
				16945FD425B7C4DD0056AE74 /* TMButtonViewController.m */,
			);
			path = TMButtonViewController;
			sourceTree = "<group>";
		};
		1694602825B7DC770056AE74 /* UIViewTMUIViewController */ = {
			isa = PBXGroup;
			children = (
				1694602925B7DC870056AE74 /* UIViewTMUIViewController.h */,
				1694602A25B7DC870056AE74 /* UIViewTMUIViewController.m */,
				163444A825BA70910091D4EF /* UIButtonTMUIViewController.h */,
				163444A925BA70910091D4EF /* UIButtonTMUIViewController.m */,
			);
			path = UIViewTMUIViewController;
			sourceTree = "<group>";
		};
		16EABFD825BA7BB200A3273D /* Base */ = {
			isa = PBXGroup;
			children = (
				16EABFD925BA7BCD00A3273D /* TMBaseViewController.h */,
				16EABFDA25BA7BCD00A3273D /* TMBaseViewController.m */,
				16EABFE025BAAD7D00A3273D /* UISegmentedControl+associateObject.h */,
				16EABFE125BAAD7D00A3273D /* UISegmentedControl+associateObject.m */,
				16EABFE525BAAE7C00A3273D /* UISlider+associateObject.h */,
				16EABFE625BAAE7C00A3273D /* UISlider+associateObject.m */,
			);
			path = Base;
			sourceTree = "<group>";
		};
		16EAC70F25BADBD100A3273D /* Products */ = {
			isa = PBXGroup;
			children = (
				16EAC71325BADBD100A3273D /* MTFY.app */,
			);
			name = Products;
			sourceTree = "<group>";
		};
		16EAC71825BADBE500A3273D /* Products */ = {
			isa = PBXGroup;
			children = (
				16EAC72325BADBE500A3273D /* qmuidemo.app */,
				16EAC72525BADBE500A3273D /* QMUIDemoUITests.xctest */,
			);
			name = Products;
			sourceTree = "<group>";
		};
		16EAC72925BADBF400A3273D /* Products */ = {
			isa = PBXGroup;
			children = (
				16EAC72D25BADBF400A3273D /* YYCategories.framework */,
			);
			name = Products;
			sourceTree = "<group>";
		};
		2BBD86156EF43A871B91179E /* Pods */ = {
			isa = PBXGroup;
			children = (
				F3C0677E9362D3549CF5BF9B /* Pods-TMUIKit_Example.debug.xcconfig */,
				D0348311BFA52F2FA55C0FFA /* Pods-TMUIKit_Example.release.xcconfig */,
				D4F0BDB1986A6BA6E763B1D6 /* Pods-TMUIKit_Tests.debug.xcconfig */,
				AC673D62112E43A82F988789 /* Pods-TMUIKit_Tests.release.xcconfig */,
			);
			path = Pods;
			sourceTree = "<group>";
		};
		6003F581195388D10070C39A = {
			isa = PBXGroup;
			children = (
				16EAC72825BADBF400A3273D /* YYCategories.xcodeproj */,
				16EAC71725BADBE500A3273D /* qmuidemo.xcodeproj */,
				16EAC70E25BADBD100A3273D /* MTFY.xcodeproj */,
				6003F593195388D20070C39A /* Example for TMUIKit */,
				6003F5B5195388D20070C39A /* Tests */,
				6003F58C195388D20070C39A /* Frameworks */,
				6003F58B195388D20070C39A /* Products */,
				2BBD86156EF43A871B91179E /* Pods */,
			);
			sourceTree = "<group>";
		};
		6003F58B195388D20070C39A /* Products */ = {
			isa = PBXGroup;
			children = (
				6003F58A195388D20070C39A /* TMUIKit_Example.app */,
				6003F5AE195388D20070C39A /* TMUIKit_Tests.xctest */,
			);
			name = Products;
			sourceTree = "<group>";
		};
		6003F58C195388D20070C39A /* Frameworks */ = {
			isa = PBXGroup;
			children = (
				6003F58D195388D20070C39A /* Foundation.framework */,
				6003F58F195388D20070C39A /* CoreGraphics.framework */,
				6003F591195388D20070C39A /* UIKit.framework */,
				6003F5AF195388D20070C39A /* XCTest.framework */,
				4FF38B98433BA762055DDE1D /* libPods-TMUIKit_Example.a */,
				4212758C31B9C0BA79D5B039 /* libPods-TMUIKit_Tests.a */,
				B615221C21590F1AA5F00AC5 /* iOS */,
			);
			name = Frameworks;
			sourceTree = "<group>";
		};
		6003F593195388D20070C39A /* Example for TMUIKit */ = {
			isa = PBXGroup;
			children = (
				16EABFD825BA7BB200A3273D /* Base */,
				16455E3B25B6F3C600BBBEC2 /* UIKit */,
				16455E3925B6F3C600BBBEC2 /* Components */,
				16455E3A25B6F3C600BBBEC2 /* Lib */,
				16455E5825B6FBC000BBBEC2 /* Other */,
				16455E4F25B6F51F00BBBEC2 /* Supporting Files */,
			);
			name = "Example for TMUIKit";
			path = TMUIKit;
			sourceTree = "<group>";
		};
		6003F5B5195388D20070C39A /* Tests */ = {
			isa = PBXGroup;
			children = (
				6003F5BB195388D20070C39A /* Tests.m */,
				6003F5B6195388D20070C39A /* Supporting Files */,
			);
			path = Tests;
			sourceTree = "<group>";
		};
		6003F5B6195388D20070C39A /* Supporting Files */ = {
			isa = PBXGroup;
			children = (
				6003F5B7195388D20070C39A /* Tests-Info.plist */,
				6003F5B8195388D20070C39A /* InfoPlist.strings */,
				606FC2411953D9B200FFA9A0 /* Tests-Prefix.pch */,
			);
			name = "Supporting Files";
			sourceTree = "<group>";
		};
		B615221C21590F1AA5F00AC5 /* iOS */ = {
			isa = PBXGroup;
			children = (
				5E7107ADA452DFC055FCFAF3 /* CoreTelephony.framework */,
				7C01E4ACDEFFA91DB088A365 /* SystemConfiguration.framework */,
			);
			name = iOS;
			sourceTree = "<group>";
		};
/* End PBXGroup section */

/* Begin PBXNativeTarget section */
		6003F589195388D20070C39A /* TMUIKit_Example */ = {
			isa = PBXNativeTarget;
			buildConfigurationList = 6003F5BF195388D20070C39A /* Build configuration list for PBXNativeTarget "TMUIKit_Example" */;
			buildPhases = (
				C87F453D8B70BBACF6BD34D1 /* [CP] Check Pods Manifest.lock */,
				6003F586195388D20070C39A /* Sources */,
				6003F587195388D20070C39A /* Frameworks */,
				6003F588195388D20070C39A /* Resources */,
				16B12CD981E3544E2489EEE4 /* [CP] Embed Pods Frameworks */,
				50D5BA5C61224A1B2402313F /* [CP] Copy Pods Resources */,
			);
			buildRules = (
			);
			dependencies = (
			);
			name = TMUIKit_Example;
			productName = TMUIKit;
			productReference = 6003F58A195388D20070C39A /* TMUIKit_Example.app */;
			productType = "com.apple.product-type.application";
		};
		6003F5AD195388D20070C39A /* TMUIKit_Tests */ = {
			isa = PBXNativeTarget;
			buildConfigurationList = 6003F5C2195388D20070C39A /* Build configuration list for PBXNativeTarget "TMUIKit_Tests" */;
			buildPhases = (
				B617ED7A712722CD2A50BF03 /* [CP] Check Pods Manifest.lock */,
				6003F5AA195388D20070C39A /* Sources */,
				6003F5AB195388D20070C39A /* Frameworks */,
				6003F5AC195388D20070C39A /* Resources */,
			);
			buildRules = (
			);
			dependencies = (
				6003F5B4195388D20070C39A /* PBXTargetDependency */,
			);
			name = TMUIKit_Tests;
			productName = TMUIKitTests;
			productReference = 6003F5AE195388D20070C39A /* TMUIKit_Tests.xctest */;
			productType = "com.apple.product-type.bundle.unit-test";
		};
/* End PBXNativeTarget section */

/* Begin PBXProject section */
		6003F582195388D10070C39A /* Project object */ = {
			isa = PBXProject;
			attributes = {
				CLASSPREFIX = TM;
				LastUpgradeCheck = 0720;
				ORGANIZATIONNAME = chengzongxin;
				TargetAttributes = {
					6003F589195388D20070C39A = {
						DevelopmentTeam = 5XB293ZE6R;
					};
					6003F5AD195388D20070C39A = {
						TestTargetID = 6003F589195388D20070C39A;
					};
				};
			};
			buildConfigurationList = 6003F585195388D10070C39A /* Build configuration list for PBXProject "TMUIKit" */;
			compatibilityVersion = "Xcode 3.2";
			developmentRegion = English;
			hasScannedForEncodings = 0;
			knownRegions = (
				English,
				en,
				Base,
			);
			mainGroup = 6003F581195388D10070C39A;
			productRefGroup = 6003F58B195388D20070C39A /* Products */;
			projectDirPath = "";
			projectReferences = (
				{
					ProductGroup = 16EAC70F25BADBD100A3273D /* Products */;
					ProjectRef = 16EAC70E25BADBD100A3273D /* MTFY.xcodeproj */;
				},
				{
					ProductGroup = 16EAC71825BADBE500A3273D /* Products */;
					ProjectRef = 16EAC71725BADBE500A3273D /* qmuidemo.xcodeproj */;
				},
				{
					ProductGroup = 16EAC72925BADBF400A3273D /* Products */;
					ProjectRef = 16EAC72825BADBF400A3273D /* YYCategories.xcodeproj */;
				},
			);
			projectRoot = "";
			targets = (
				6003F589195388D20070C39A /* TMUIKit_Example */,
				6003F5AD195388D20070C39A /* TMUIKit_Tests */,
			);
		};
/* End PBXProject section */

/* Begin PBXReferenceProxy section */
		16EAC71325BADBD100A3273D /* MTFY.app */ = {
			isa = PBXReferenceProxy;
			fileType = wrapper.application;
			path = MTFY.app;
			remoteRef = 16EAC71225BADBD100A3273D /* PBXContainerItemProxy */;
			sourceTree = BUILT_PRODUCTS_DIR;
		};
		16EAC72325BADBE500A3273D /* qmuidemo.app */ = {
			isa = PBXReferenceProxy;
			fileType = wrapper.application;
			path = qmuidemo.app;
			remoteRef = 16EAC72225BADBE500A3273D /* PBXContainerItemProxy */;
			sourceTree = BUILT_PRODUCTS_DIR;
		};
		16EAC72525BADBE500A3273D /* QMUIDemoUITests.xctest */ = {
			isa = PBXReferenceProxy;
			fileType = wrapper.cfbundle;
			path = QMUIDemoUITests.xctest;
			remoteRef = 16EAC72425BADBE500A3273D /* PBXContainerItemProxy */;
			sourceTree = BUILT_PRODUCTS_DIR;
		};
		16EAC72D25BADBF400A3273D /* YYCategories.framework */ = {
			isa = PBXReferenceProxy;
			fileType = wrapper.framework;
			path = YYCategories.framework;
			remoteRef = 16EAC72C25BADBF400A3273D /* PBXContainerItemProxy */;
			sourceTree = BUILT_PRODUCTS_DIR;
		};
/* End PBXReferenceProxy section */

/* Begin PBXResourcesBuildPhase section */
		6003F588195388D20070C39A /* Resources */ = {
			isa = PBXResourcesBuildPhase;
			buildActionMask = 2147483647;
			files = (
				71719F9F1E33DC2100824A3D /* LaunchScreen.storyboard in Resources */,
				6003F5A9195388D20070C39A /* Images.xcassets in Resources */,
				6003F598195388D20070C39A /* InfoPlist.strings in Resources */,
				16455E0A25B6EDEC00BBBEC2 /* Main.storyboard in Resources */,
			);
			runOnlyForDeploymentPostprocessing = 0;
		};
		6003F5AC195388D20070C39A /* Resources */ = {
			isa = PBXResourcesBuildPhase;
			buildActionMask = 2147483647;
			files = (
				6003F5BA195388D20070C39A /* InfoPlist.strings in Resources */,
			);
			runOnlyForDeploymentPostprocessing = 0;
		};
/* End PBXResourcesBuildPhase section */

/* Begin PBXShellScriptBuildPhase section */
		16B12CD981E3544E2489EEE4 /* [CP] Embed Pods Frameworks */ = {
			isa = PBXShellScriptBuildPhase;
			buildActionMask = 2147483647;
			files = (
			);
			inputPaths = (
				"${PODS_ROOT}/Target Support Files/Pods-TMUIKit_Example/Pods-TMUIKit_Example-frameworks.sh",
				"${PODS_ROOT}/LookinServer/LookinServer.framework",
			);
			name = "[CP] Embed Pods Frameworks";
			outputPaths = (
				"${TARGET_BUILD_DIR}/${FRAMEWORKS_FOLDER_PATH}/LookinServer.framework",
			);
			runOnlyForDeploymentPostprocessing = 0;
			shellPath = /bin/sh;
			shellScript = "\"${PODS_ROOT}/Target Support Files/Pods-TMUIKit_Example/Pods-TMUIKit_Example-frameworks.sh\"\n";
			showEnvVarsInLog = 0;
		};
		50D5BA5C61224A1B2402313F /* [CP] Copy Pods Resources */ = {
			isa = PBXShellScriptBuildPhase;
			buildActionMask = 2147483647;
			files = (
			);
			inputPaths = (
				"${PODS_ROOT}/Target Support Files/Pods-TMUIKit_Example/Pods-TMUIKit_Example-resources.sh",
				"${PODS_CONFIGURATION_BUILD_DIR}/TMUIKit/TMEmptyUIAssets.bundle",
				"${PODS_CONFIGURATION_BUILD_DIR}/TMUIKit/TMSearchUIAssets.bundle",
				"${PODS_CONFIGURATION_BUILD_DIR}/TMUIKit/TMToastAssets.bundle",
			);
			name = "[CP] Copy Pods Resources";
			outputPaths = (
				"${TARGET_BUILD_DIR}/${UNLOCALIZED_RESOURCES_FOLDER_PATH}/TMEmptyUIAssets.bundle",
				"${TARGET_BUILD_DIR}/${UNLOCALIZED_RESOURCES_FOLDER_PATH}/TMSearchUIAssets.bundle",
				"${TARGET_BUILD_DIR}/${UNLOCALIZED_RESOURCES_FOLDER_PATH}/TMToastAssets.bundle",
			);
			runOnlyForDeploymentPostprocessing = 0;
			shellPath = /bin/sh;
			shellScript = "\"${PODS_ROOT}/Target Support Files/Pods-TMUIKit_Example/Pods-TMUIKit_Example-resources.sh\"\n";
			showEnvVarsInLog = 0;
		};
		B617ED7A712722CD2A50BF03 /* [CP] Check Pods Manifest.lock */ = {
			isa = PBXShellScriptBuildPhase;
			buildActionMask = 2147483647;
			files = (
			);
			inputFileListPaths = (
			);
			inputPaths = (
				"${PODS_PODFILE_DIR_PATH}/Podfile.lock",
				"${PODS_ROOT}/Manifest.lock",
			);
			name = "[CP] Check Pods Manifest.lock";
			outputFileListPaths = (
			);
			outputPaths = (
				"$(DERIVED_FILE_DIR)/Pods-TMUIKit_Tests-checkManifestLockResult.txt",
			);
			runOnlyForDeploymentPostprocessing = 0;
			shellPath = /bin/sh;
			shellScript = "diff \"${PODS_PODFILE_DIR_PATH}/Podfile.lock\" \"${PODS_ROOT}/Manifest.lock\" > /dev/null\nif [ $? != 0 ] ; then\n    # print error to STDERR\n    echo \"error: The sandbox is not in sync with the Podfile.lock. Run 'pod install' or update your CocoaPods installation.\" >&2\n    exit 1\nfi\n# This output is used by Xcode 'outputs' to avoid re-running this script phase.\necho \"SUCCESS\" > \"${SCRIPT_OUTPUT_FILE_0}\"\n";
			showEnvVarsInLog = 0;
		};
		C87F453D8B70BBACF6BD34D1 /* [CP] Check Pods Manifest.lock */ = {
			isa = PBXShellScriptBuildPhase;
			buildActionMask = 2147483647;
			files = (
			);
			inputFileListPaths = (
			);
			inputPaths = (
				"${PODS_PODFILE_DIR_PATH}/Podfile.lock",
				"${PODS_ROOT}/Manifest.lock",
			);
			name = "[CP] Check Pods Manifest.lock";
			outputFileListPaths = (
			);
			outputPaths = (
				"$(DERIVED_FILE_DIR)/Pods-TMUIKit_Example-checkManifestLockResult.txt",
			);
			runOnlyForDeploymentPostprocessing = 0;
			shellPath = /bin/sh;
			shellScript = "diff \"${PODS_PODFILE_DIR_PATH}/Podfile.lock\" \"${PODS_ROOT}/Manifest.lock\" > /dev/null\nif [ $? != 0 ] ; then\n    # print error to STDERR\n    echo \"error: The sandbox is not in sync with the Podfile.lock. Run 'pod install' or update your CocoaPods installation.\" >&2\n    exit 1\nfi\n# This output is used by Xcode 'outputs' to avoid re-running this script phase.\necho \"SUCCESS\" > \"${SCRIPT_OUTPUT_FILE_0}\"\n";
			showEnvVarsInLog = 0;
		};
/* End PBXShellScriptBuildPhase section */

/* Begin PBXSourcesBuildPhase section */
		6003F586195388D20070C39A /* Sources */ = {
			isa = PBXSourcesBuildPhase;
			buildActionMask = 2147483647;
			files = (
				16EABFE725BAAE7C00A3273D /* UISlider+associateObject.m in Sources */,
				16455E3E25B6F3E400BBBEC2 /* TMUIKitViewController.m in Sources */,
				163444AA25BA70910091D4EF /* UIButtonTMUIViewController.m in Sources */,
				16EABFDB25BA7BCD00A3273D /* TMBaseViewController.m in Sources */,
				16455E4825B6F3FB00BBBEC2 /* TMLibViewController.m in Sources */,
				6003F59E195388D20070C39A /* TMAppDelegate.m in Sources */,
				16455E4325B6F3F300BBBEC2 /* TMComponentsViewController.m in Sources */,
				1694602B25B7DC870056AE74 /* UIViewTMUIViewController.m in Sources */,
				6003F59A195388D20070C39A /* main.m in Sources */,
				16455E5C25B6FBC700BBBEC2 /* InjectionIIIHelper.m in Sources */,
				16EABFE225BAAD7D00A3273D /* UISegmentedControl+associateObject.m in Sources */,
				16945FD525B7C4DD0056AE74 /* TMButtonViewController.m in Sources */,
			);
			runOnlyForDeploymentPostprocessing = 0;
		};
		6003F5AA195388D20070C39A /* Sources */ = {
			isa = PBXSourcesBuildPhase;
			buildActionMask = 2147483647;
			files = (
				6003F5BC195388D20070C39A /* Tests.m in Sources */,
			);
			runOnlyForDeploymentPostprocessing = 0;
		};
/* End PBXSourcesBuildPhase section */

/* Begin PBXTargetDependency section */
		6003F5B4195388D20070C39A /* PBXTargetDependency */ = {
			isa = PBXTargetDependency;
			target = 6003F589195388D20070C39A /* TMUIKit_Example */;
			targetProxy = 6003F5B3195388D20070C39A /* PBXContainerItemProxy */;
		};
/* End PBXTargetDependency section */

/* Begin PBXVariantGroup section */
		16455E0825B6EDEC00BBBEC2 /* Main.storyboard */ = {
			isa = PBXVariantGroup;
			children = (
				16455E0925B6EDEC00BBBEC2 /* Base */,
			);
			name = Main.storyboard;
			sourceTree = "<group>";
		};
		6003F596195388D20070C39A /* InfoPlist.strings */ = {
			isa = PBXVariantGroup;
			children = (
				6003F597195388D20070C39A /* en */,
			);
			name = InfoPlist.strings;
			sourceTree = "<group>";
		};
		6003F5B8195388D20070C39A /* InfoPlist.strings */ = {
			isa = PBXVariantGroup;
			children = (
				6003F5B9195388D20070C39A /* en */,
			);
			name = InfoPlist.strings;
			sourceTree = "<group>";
		};
		71719F9D1E33DC2100824A3D /* LaunchScreen.storyboard */ = {
			isa = PBXVariantGroup;
			children = (
				71719F9E1E33DC2100824A3D /* Base */,
			);
			name = LaunchScreen.storyboard;
			sourceTree = "<group>";
		};
/* End PBXVariantGroup section */

/* Begin XCBuildConfiguration section */
		6003F5BD195388D20070C39A /* Debug */ = {
			isa = XCBuildConfiguration;
			buildSettings = {
				ALWAYS_SEARCH_USER_PATHS = NO;
				CLANG_CXX_LANGUAGE_STANDARD = "gnu++0x";
				CLANG_CXX_LIBRARY = "libc++";
				CLANG_ENABLE_MODULES = YES;
				CLANG_ENABLE_OBJC_ARC = YES;
				CLANG_WARN_BOOL_CONVERSION = YES;
				CLANG_WARN_CONSTANT_CONVERSION = YES;
				CLANG_WARN_DIRECT_OBJC_ISA_USAGE = YES_ERROR;
				CLANG_WARN_EMPTY_BODY = YES;
				CLANG_WARN_ENUM_CONVERSION = YES;
				CLANG_WARN_INT_CONVERSION = YES;
				CLANG_WARN_OBJC_ROOT_CLASS = YES_ERROR;
				CLANG_WARN__DUPLICATE_METHOD_MATCH = YES;
				"CODE_SIGN_IDENTITY[sdk=iphoneos*]" = "iPhone Developer";
				COPY_PHASE_STRIP = NO;
				ENABLE_TESTABILITY = YES;
				GCC_C_LANGUAGE_STANDARD = gnu99;
				GCC_DYNAMIC_NO_PIC = NO;
				GCC_OPTIMIZATION_LEVEL = 0;
				GCC_PREPROCESSOR_DEFINITIONS = (
					"DEBUG=1",
					"$(inherited)",
				);
				GCC_SYMBOLS_PRIVATE_EXTERN = NO;
				GCC_WARN_64_TO_32_BIT_CONVERSION = YES;
				GCC_WARN_ABOUT_RETURN_TYPE = YES_ERROR;
				GCC_WARN_UNDECLARED_SELECTOR = YES;
				GCC_WARN_UNINITIALIZED_AUTOS = YES_AGGRESSIVE;
				GCC_WARN_UNUSED_FUNCTION = YES;
				GCC_WARN_UNUSED_VARIABLE = YES;
				IPHONEOS_DEPLOYMENT_TARGET = 9.3;
				ONLY_ACTIVE_ARCH = YES;
				SDKROOT = iphoneos;
				TARGETED_DEVICE_FAMILY = "1,2";
			};
			name = Debug;
		};
		6003F5BE195388D20070C39A /* Release */ = {
			isa = XCBuildConfiguration;
			buildSettings = {
				ALWAYS_SEARCH_USER_PATHS = NO;
				CLANG_CXX_LANGUAGE_STANDARD = "gnu++0x";
				CLANG_CXX_LIBRARY = "libc++";
				CLANG_ENABLE_MODULES = YES;
				CLANG_ENABLE_OBJC_ARC = YES;
				CLANG_WARN_BOOL_CONVERSION = YES;
				CLANG_WARN_CONSTANT_CONVERSION = YES;
				CLANG_WARN_DIRECT_OBJC_ISA_USAGE = YES_ERROR;
				CLANG_WARN_EMPTY_BODY = YES;
				CLANG_WARN_ENUM_CONVERSION = YES;
				CLANG_WARN_INT_CONVERSION = YES;
				CLANG_WARN_OBJC_ROOT_CLASS = YES_ERROR;
				CLANG_WARN__DUPLICATE_METHOD_MATCH = YES;
				"CODE_SIGN_IDENTITY[sdk=iphoneos*]" = "iPhone Developer";
				COPY_PHASE_STRIP = YES;
				ENABLE_NS_ASSERTIONS = NO;
				GCC_C_LANGUAGE_STANDARD = gnu99;
				GCC_WARN_64_TO_32_BIT_CONVERSION = YES;
				GCC_WARN_ABOUT_RETURN_TYPE = YES_ERROR;
				GCC_WARN_UNDECLARED_SELECTOR = YES;
				GCC_WARN_UNINITIALIZED_AUTOS = YES_AGGRESSIVE;
				GCC_WARN_UNUSED_FUNCTION = YES;
				GCC_WARN_UNUSED_VARIABLE = YES;
				IPHONEOS_DEPLOYMENT_TARGET = 9.3;
				SDKROOT = iphoneos;
				TARGETED_DEVICE_FAMILY = "1,2";
				VALIDATE_PRODUCT = YES;
			};
			name = Release;
		};
		6003F5C0195388D20070C39A /* Debug */ = {
			isa = XCBuildConfiguration;
			baseConfigurationReference = F3C0677E9362D3549CF5BF9B /* Pods-TMUIKit_Example.debug.xcconfig */;
			buildSettings = {
				ASSETCATALOG_COMPILER_APPICON_NAME = AppIcon;
				DEVELOPMENT_TEAM = 5XB293ZE6R;
				GCC_PRECOMPILE_PREFIX_HEADER = YES;
				GCC_PREFIX_HEADER = "TMUIKit/Supporting Files/TMUIKit-Prefix.pch";
				INFOPLIST_FILE = "TMUIKit/Supporting Files/TMUIKit-Info.plist";
				MODULE_NAME = ExampleApp;
				PRODUCT_BUNDLE_IDENTIFIER = "org.cocoapods.demo.TMUIKit-Example";
				PRODUCT_NAME = "$(TARGET_NAME)";
				SWIFT_VERSION = 4.0;
				TARGETED_DEVICE_FAMILY = 1;
				WRAPPER_EXTENSION = app;
			};
			name = Debug;
		};
		6003F5C1195388D20070C39A /* Release */ = {
			isa = XCBuildConfiguration;
			baseConfigurationReference = D0348311BFA52F2FA55C0FFA /* Pods-TMUIKit_Example.release.xcconfig */;
			buildSettings = {
				ASSETCATALOG_COMPILER_APPICON_NAME = AppIcon;
				DEVELOPMENT_TEAM = 5XB293ZE6R;
				GCC_PRECOMPILE_PREFIX_HEADER = YES;
				GCC_PREFIX_HEADER = "TMUIKit/Supporting Files/TMUIKit-Prefix.pch";
				INFOPLIST_FILE = "TMUIKit/Supporting Files/TMUIKit-Info.plist";
				MODULE_NAME = ExampleApp;
				PRODUCT_BUNDLE_IDENTIFIER = "org.cocoapods.demo.TMUIKit-Example";
				PRODUCT_NAME = "$(TARGET_NAME)";
				SWIFT_VERSION = 4.0;
				TARGETED_DEVICE_FAMILY = 1;
				WRAPPER_EXTENSION = app;
			};
			name = Release;
		};
		6003F5C3195388D20070C39A /* Debug */ = {
			isa = XCBuildConfiguration;
			baseConfigurationReference = D4F0BDB1986A6BA6E763B1D6 /* Pods-TMUIKit_Tests.debug.xcconfig */;
			buildSettings = {
				BUNDLE_LOADER = "$(TEST_HOST)";
				FRAMEWORK_SEARCH_PATHS = (
					"$(PLATFORM_DIR)/Developer/Library/Frameworks",
					"$(inherited)",
					"$(DEVELOPER_FRAMEWORKS_DIR)",
				);
				GCC_PRECOMPILE_PREFIX_HEADER = YES;
				GCC_PREFIX_HEADER = "Tests/Tests-Prefix.pch";
				GCC_PREPROCESSOR_DEFINITIONS = (
					"DEBUG=1",
					"$(inherited)",
				);
				INFOPLIST_FILE = "Tests/Tests-Info.plist";
				PRODUCT_BUNDLE_IDENTIFIER = "org.cocoapods.demo.${PRODUCT_NAME:rfc1034identifier}";
				PRODUCT_NAME = "$(TARGET_NAME)";
				SWIFT_VERSION = 4.0;
				TEST_HOST = "$(BUILT_PRODUCTS_DIR)/TMUIKit_Example.app/TMUIKit_Example";
				WRAPPER_EXTENSION = xctest;
			};
			name = Debug;
		};
		6003F5C4195388D20070C39A /* Release */ = {
			isa = XCBuildConfiguration;
			baseConfigurationReference = AC673D62112E43A82F988789 /* Pods-TMUIKit_Tests.release.xcconfig */;
			buildSettings = {
				BUNDLE_LOADER = "$(TEST_HOST)";
				FRAMEWORK_SEARCH_PATHS = (
					"$(PLATFORM_DIR)/Developer/Library/Frameworks",
					"$(inherited)",
					"$(DEVELOPER_FRAMEWORKS_DIR)",
				);
				GCC_PRECOMPILE_PREFIX_HEADER = YES;
				GCC_PREFIX_HEADER = "Tests/Tests-Prefix.pch";
				INFOPLIST_FILE = "Tests/Tests-Info.plist";
				PRODUCT_BUNDLE_IDENTIFIER = "org.cocoapods.demo.${PRODUCT_NAME:rfc1034identifier}";
				PRODUCT_NAME = "$(TARGET_NAME)";
				SWIFT_VERSION = 4.0;
				TEST_HOST = "$(BUILT_PRODUCTS_DIR)/TMUIKit_Example.app/TMUIKit_Example";
				WRAPPER_EXTENSION = xctest;
			};
			name = Release;
		};
/* End XCBuildConfiguration section */

/* Begin XCConfigurationList section */
		6003F585195388D10070C39A /* Build configuration list for PBXProject "TMUIKit" */ = {
			isa = XCConfigurationList;
			buildConfigurations = (
				6003F5BD195388D20070C39A /* Debug */,
				6003F5BE195388D20070C39A /* Release */,
			);
			defaultConfigurationIsVisible = 0;
			defaultConfigurationName = Release;
		};
		6003F5BF195388D20070C39A /* Build configuration list for PBXNativeTarget "TMUIKit_Example" */ = {
			isa = XCConfigurationList;
			buildConfigurations = (
				6003F5C0195388D20070C39A /* Debug */,
				6003F5C1195388D20070C39A /* Release */,
			);
			defaultConfigurationIsVisible = 0;
			defaultConfigurationName = Release;
		};
		6003F5C2195388D20070C39A /* Build configuration list for PBXNativeTarget "TMUIKit_Tests" */ = {
			isa = XCConfigurationList;
			buildConfigurations = (
				6003F5C3195388D20070C39A /* Debug */,
				6003F5C4195388D20070C39A /* Release */,
			);
			defaultConfigurationIsVisible = 0;
			defaultConfigurationName = Release;
		};
/* End XCConfigurationList section */
	};
	rootObject = 6003F582195388D10070C39A /* Project object */;
}
